// !$*UTF8*$!
{
	archiveVersion = 1;
	classes = {
	};
	objectVersion = 50;
	objects = {

/* Begin PBXBuildFile section */
		B41D122B25DD766300541D95 /* Follower.swift in Sources */ = {isa = PBXBuildFile; fileRef = B41D122A25DD766300541D95 /* Follower.swift */; };
		B41D122F25DD772A00541D95 /* User.swift in Sources */ = {isa = PBXBuildFile; fileRef = B41D122E25DD772A00541D95 /* User.swift */; };
		B41D123325DD7AC600541D95 /* NetworkManager.swift in Sources */ = {isa = PBXBuildFile; fileRef = B41D123225DD7AC600541D95 /* NetworkManager.swift */; };
		B41D123D25DD8AAE00541D95 /* FollowerCell.swift in Sources */ = {isa = PBXBuildFile; fileRef = B41D123C25DD8AAE00541D95 /* FollowerCell.swift */; };
		B41D124125DD8B4B00541D95 /* GFAvatarImageView.swift in Sources */ = {isa = PBXBuildFile; fileRef = B41D124025DD8B4B00541D95 /* GFAvatarImageView.swift */; };
		B4CF1A6825DB0C1E00B1866E /* SearchVC.swift in Sources */ = {isa = PBXBuildFile; fileRef = B4CF1A6725DB0C1E00B1866E /* SearchVC.swift */; };
		B4CF1A6B25DB0C7500B1866E /* FavoritesListVC.swift in Sources */ = {isa = PBXBuildFile; fileRef = B4CF1A6A25DB0C7500B1866E /* FavoritesListVC.swift */; };
		B4CF1A6E25DC3A7F00B1866E /* GFButton.swift in Sources */ = {isa = PBXBuildFile; fileRef = B4CF1A6D25DC3A7F00B1866E /* GFButton.swift */; };
		B4CF1A7125DC3DDE00B1866E /* GFTextField.swift in Sources */ = {isa = PBXBuildFile; fileRef = B4CF1A7025DC3DDE00B1866E /* GFTextField.swift */; };
		B4CF1A7425DC4E5B00B1866E /* FollowerListVC.swift in Sources */ = {isa = PBXBuildFile; fileRef = B4CF1A7325DC4E5B00B1866E /* FollowerListVC.swift */; };
		B4CF1A7725DC544D00B1866E /* GFTitleLabel.swift in Sources */ = {isa = PBXBuildFile; fileRef = B4CF1A7625DC544D00B1866E /* GFTitleLabel.swift */; };
		B4CF1A7A25DC561D00B1866E /* GFBodyLabel.swift in Sources */ = {isa = PBXBuildFile; fileRef = B4CF1A7925DC561D00B1866E /* GFBodyLabel.swift */; };
		B4CF1A7D25DC570200B1866E /* GFAlertVC.swift in Sources */ = {isa = PBXBuildFile; fileRef = B4CF1A7C25DC570200B1866E /* GFAlertVC.swift */; };
		B4CF1A8025DC5E6600B1866E /* UIViewController+Ext.swift in Sources */ = {isa = PBXBuildFile; fileRef = B4CF1A7F25DC5E6600B1866E /* UIViewController+Ext.swift */; };
		B4EFF35325DB05D60053E1EE /* AppDelegate.swift in Sources */ = {isa = PBXBuildFile; fileRef = B4EFF35225DB05D60053E1EE /* AppDelegate.swift */; };
		B4EFF35525DB05D60053E1EE /* SceneDelegate.swift in Sources */ = {isa = PBXBuildFile; fileRef = B4EFF35425DB05D60053E1EE /* SceneDelegate.swift */; };
		B4EFF35C25DB05D80053E1EE /* Assets.xcassets in Resources */ = {isa = PBXBuildFile; fileRef = B4EFF35B25DB05D80053E1EE /* Assets.xcassets */; };
		B4EFF35F25DB05D80053E1EE /* LaunchScreen.storyboard in Resources */ = {isa = PBXBuildFile; fileRef = B4EFF35D25DB05D80053E1EE /* LaunchScreen.storyboard */; };
		B4F2FC5325DEC6630038F7B7 /* UIHelper.swift in Sources */ = {isa = PBXBuildFile; fileRef = B4F2FC5225DEC6630038F7B7 /* UIHelper.swift */; };
		B4F2FC7E25DEFEE50038F7B7 /* GFEmptyStateView.swift in Sources */ = {isa = PBXBuildFile; fileRef = B4F2FC7D25DEFEE50038F7B7 /* GFEmptyStateView.swift */; };
		B4F2FC8225DFA3610038F7B7 /* UserInfoVC.swift in Sources */ = {isa = PBXBuildFile; fileRef = B4F2FC8125DFA3610038F7B7 /* UserInfoVC.swift */; };
		B4F2FC8525DFAD2B0038F7B7 /* GFError.swift in Sources */ = {isa = PBXBuildFile; fileRef = B4F2FC8425DFAD2B0038F7B7 /* GFError.swift */; };
		B4F2FC8925DFAE600038F7B7 /* GFUserInfoHeaderVC.swift in Sources */ = {isa = PBXBuildFile; fileRef = B4F2FC8825DFAE600038F7B7 /* GFUserInfoHeaderVC.swift */; };
		B4F2FC8C25DFAED60038F7B7 /* GFSecondaryTitleLabel.swift in Sources */ = {isa = PBXBuildFile; fileRef = B4F2FC8B25DFAED60038F7B7 /* GFSecondaryTitleLabel.swift */; };
		B4F2FC8F25DFCA5F0038F7B7 /* Constants.swift in Sources */ = {isa = PBXBuildFile; fileRef = B4F2FC8E25DFCA5F0038F7B7 /* Constants.swift */; };
		B4F2FC9325DFDDD50038F7B7 /* GFItemInfoView.swift in Sources */ = {isa = PBXBuildFile; fileRef = B4F2FC9225DFDDD50038F7B7 /* GFItemInfoView.swift */; };
		B4F2FC9625DFE2E50038F7B7 /* GFItemInfoVC.swift in Sources */ = {isa = PBXBuildFile; fileRef = B4F2FC9525DFE2E50038F7B7 /* GFItemInfoVC.swift */; };
		B4F2FC9925DFE5E50038F7B7 /* GFRepoItemVC.swift in Sources */ = {isa = PBXBuildFile; fileRef = B4F2FC9825DFE5E50038F7B7 /* GFRepoItemVC.swift */; };
		B4F2FC9C25DFE7F80038F7B7 /* GFFollowerItemVC.swift in Sources */ = {isa = PBXBuildFile; fileRef = B4F2FC9B25DFE7F80038F7B7 /* GFFollowerItemVC.swift */; };
/* End PBXBuildFile section */

/* Begin PBXFileReference section */
		B41D122A25DD766300541D95 /* Follower.swift */ = {isa = PBXFileReference; lastKnownFileType = sourcecode.swift; path = Follower.swift; sourceTree = "<group>"; };
		B41D122E25DD772A00541D95 /* User.swift */ = {isa = PBXFileReference; lastKnownFileType = sourcecode.swift; path = User.swift; sourceTree = "<group>"; };
		B41D123225DD7AC600541D95 /* NetworkManager.swift */ = {isa = PBXFileReference; lastKnownFileType = sourcecode.swift; path = NetworkManager.swift; sourceTree = "<group>"; };
		B41D123C25DD8AAE00541D95 /* FollowerCell.swift */ = {isa = PBXFileReference; lastKnownFileType = sourcecode.swift; path = FollowerCell.swift; sourceTree = "<group>"; };
		B41D124025DD8B4B00541D95 /* GFAvatarImageView.swift */ = {isa = PBXFileReference; lastKnownFileType = sourcecode.swift; path = GFAvatarImageView.swift; sourceTree = "<group>"; };
		B4CF1A6725DB0C1E00B1866E /* SearchVC.swift */ = {isa = PBXFileReference; lastKnownFileType = sourcecode.swift; path = SearchVC.swift; sourceTree = "<group>"; };
		B4CF1A6A25DB0C7500B1866E /* FavoritesListVC.swift */ = {isa = PBXFileReference; lastKnownFileType = sourcecode.swift; path = FavoritesListVC.swift; sourceTree = "<group>"; };
		B4CF1A6D25DC3A7F00B1866E /* GFButton.swift */ = {isa = PBXFileReference; lastKnownFileType = sourcecode.swift; path = GFButton.swift; sourceTree = "<group>"; };
		B4CF1A7025DC3DDE00B1866E /* GFTextField.swift */ = {isa = PBXFileReference; lastKnownFileType = sourcecode.swift; path = GFTextField.swift; sourceTree = "<group>"; };
		B4CF1A7325DC4E5B00B1866E /* FollowerListVC.swift */ = {isa = PBXFileReference; lastKnownFileType = sourcecode.swift; path = FollowerListVC.swift; sourceTree = "<group>"; };
		B4CF1A7625DC544D00B1866E /* GFTitleLabel.swift */ = {isa = PBXFileReference; lastKnownFileType = sourcecode.swift; path = GFTitleLabel.swift; sourceTree = "<group>"; };
		B4CF1A7925DC561D00B1866E /* GFBodyLabel.swift */ = {isa = PBXFileReference; lastKnownFileType = sourcecode.swift; path = GFBodyLabel.swift; sourceTree = "<group>"; };
		B4CF1A7C25DC570200B1866E /* GFAlertVC.swift */ = {isa = PBXFileReference; lastKnownFileType = sourcecode.swift; path = GFAlertVC.swift; sourceTree = "<group>"; };
		B4CF1A7F25DC5E6600B1866E /* UIViewController+Ext.swift */ = {isa = PBXFileReference; lastKnownFileType = sourcecode.swift; path = "UIViewController+Ext.swift"; sourceTree = "<group>"; };
		B4EFF34F25DB05D60053E1EE /* GitHubFollowers.app */ = {isa = PBXFileReference; explicitFileType = wrapper.application; includeInIndex = 0; path = GitHubFollowers.app; sourceTree = BUILT_PRODUCTS_DIR; };
		B4EFF35225DB05D60053E1EE /* AppDelegate.swift */ = {isa = PBXFileReference; lastKnownFileType = sourcecode.swift; path = AppDelegate.swift; sourceTree = "<group>"; };
		B4EFF35425DB05D60053E1EE /* SceneDelegate.swift */ = {isa = PBXFileReference; lastKnownFileType = sourcecode.swift; path = SceneDelegate.swift; sourceTree = "<group>"; };
		B4EFF35B25DB05D80053E1EE /* Assets.xcassets */ = {isa = PBXFileReference; lastKnownFileType = folder.assetcatalog; path = Assets.xcassets; sourceTree = "<group>"; };
		B4EFF35E25DB05D80053E1EE /* Base */ = {isa = PBXFileReference; lastKnownFileType = file.storyboard; name = Base; path = Base.lproj/LaunchScreen.storyboard; sourceTree = "<group>"; };
		B4EFF36025DB05D80053E1EE /* Info.plist */ = {isa = PBXFileReference; lastKnownFileType = text.plist.xml; path = Info.plist; sourceTree = "<group>"; };
		B4F2FC5225DEC6630038F7B7 /* UIHelper.swift */ = {isa = PBXFileReference; lastKnownFileType = sourcecode.swift; path = UIHelper.swift; sourceTree = "<group>"; };
		B4F2FC7D25DEFEE50038F7B7 /* GFEmptyStateView.swift */ = {isa = PBXFileReference; lastKnownFileType = sourcecode.swift; path = GFEmptyStateView.swift; sourceTree = "<group>"; };
		B4F2FC8125DFA3610038F7B7 /* UserInfoVC.swift */ = {isa = PBXFileReference; lastKnownFileType = sourcecode.swift; path = UserInfoVC.swift; sourceTree = "<group>"; };
		B4F2FC8425DFAD2B0038F7B7 /* GFError.swift */ = {isa = PBXFileReference; lastKnownFileType = sourcecode.swift; path = GFError.swift; sourceTree = "<group>"; };
		B4F2FC8825DFAE600038F7B7 /* GFUserInfoHeaderVC.swift */ = {isa = PBXFileReference; lastKnownFileType = sourcecode.swift; path = GFUserInfoHeaderVC.swift; sourceTree = "<group>"; };
		B4F2FC8B25DFAED60038F7B7 /* GFSecondaryTitleLabel.swift */ = {isa = PBXFileReference; lastKnownFileType = sourcecode.swift; path = GFSecondaryTitleLabel.swift; sourceTree = "<group>"; };
		B4F2FC8E25DFCA5F0038F7B7 /* Constants.swift */ = {isa = PBXFileReference; lastKnownFileType = sourcecode.swift; path = Constants.swift; sourceTree = "<group>"; };
		B4F2FC9225DFDDD50038F7B7 /* GFItemInfoView.swift */ = {isa = PBXFileReference; lastKnownFileType = sourcecode.swift; path = GFItemInfoView.swift; sourceTree = "<group>"; };
		B4F2FC9525DFE2E50038F7B7 /* GFItemInfoVC.swift */ = {isa = PBXFileReference; lastKnownFileType = sourcecode.swift; path = GFItemInfoVC.swift; sourceTree = "<group>"; };
		B4F2FC9825DFE5E50038F7B7 /* GFRepoItemVC.swift */ = {isa = PBXFileReference; lastKnownFileType = sourcecode.swift; path = GFRepoItemVC.swift; sourceTree = "<group>"; };
		B4F2FC9B25DFE7F80038F7B7 /* GFFollowerItemVC.swift */ = {isa = PBXFileReference; lastKnownFileType = sourcecode.swift; path = GFFollowerItemVC.swift; sourceTree = "<group>"; };
/* End PBXFileReference section */

/* Begin PBXFrameworksBuildPhase section */
		B4EFF34C25DB05D60053E1EE /* Frameworks */ = {
			isa = PBXFrameworksBuildPhase;
			buildActionMask = 2147483647;
			files = (
			);
			runOnlyForDeploymentPostprocessing = 0;
		};
/* End PBXFrameworksBuildPhase section */

/* Begin PBXGroup section */
		B41D122525DD70DC00541D95 /* ViewControllers */ = {
			isa = PBXGroup;
			children = (
				B4CF1A6725DB0C1E00B1866E /* SearchVC.swift */,
				B4CF1A6A25DB0C7500B1866E /* FavoritesListVC.swift */,
				B4CF1A7325DC4E5B00B1866E /* FollowerListVC.swift */,
				B4F2FC8125DFA3610038F7B7 /* UserInfoVC.swift */,
			);
			path = ViewControllers;
			sourceTree = "<group>";
		};
		B41D122625DD711400541D95 /* Custom Elements */ = {
			isa = PBXGroup;
			children = (
				B4F2FC7C25DEFEB50038F7B7 /* Labels */,
				B4F2FC7B25DEFE7B0038F7B7 /* ViewControllers */,
				B4F2FC7A25DEFE730038F7B7 /* ImageViews */,
				B4F2FC7925DEFE6C0038F7B7 /* Text Fields */,
				B4F2FC7825DEFE660038F7B7 /* Buttons */,
				B4F2FC7725DEFE5D0038F7B7 /* Views */,
				B41D123B25DD8A8900541D95 /* Cells */,
			);
			path = "Custom Elements";
			sourceTree = "<group>";
		};
		B41D122725DD714100541D95 /* Extensions */ = {
			isa = PBXGroup;
			children = (
				B4CF1A7F25DC5E6600B1866E /* UIViewController+Ext.swift */,
			);
			path = Extensions;
			sourceTree = "<group>";
		};
		B41D122925DD764600541D95 /* Model */ = {
			isa = PBXGroup;
			children = (
				B41D122A25DD766300541D95 /* Follower.swift */,
				B41D122E25DD772A00541D95 /* User.swift */,
			);
			path = Model;
			sourceTree = "<group>";
		};
		B41D123125DD7AAB00541D95 /* Managers */ = {
			isa = PBXGroup;
			children = (
				B41D123225DD7AC600541D95 /* NetworkManager.swift */,
			);
			path = Managers;
			sourceTree = "<group>";
		};
		B41D123625DD84EC00541D95 /* Utilities */ = {
			isa = PBXGroup;
			children = (
				B4F2FC5225DEC6630038F7B7 /* UIHelper.swift */,
				B4F2FC8425DFAD2B0038F7B7 /* GFError.swift */,
				B4F2FC8E25DFCA5F0038F7B7 /* Constants.swift */,
			);
			path = Utilities;
			sourceTree = "<group>";
		};
		B41D123B25DD8A8900541D95 /* Cells */ = {
			isa = PBXGroup;
			children = (
				B41D123C25DD8AAE00541D95 /* FollowerCell.swift */,
			);
			path = Cells;
			sourceTree = "<group>";
		};
		B4EFF34625DB05D60053E1EE = {
			isa = PBXGroup;
			children = (
				B4EFF35125DB05D60053E1EE /* GitHubFollowers */,
				B4EFF35025DB05D60053E1EE /* Products */,
			);
			sourceTree = "<group>";
		};
		B4EFF35025DB05D60053E1EE /* Products */ = {
			isa = PBXGroup;
			children = (
				B4EFF34F25DB05D60053E1EE /* GitHubFollowers.app */,
			);
			name = Products;
			sourceTree = "<group>";
		};
		B4EFF35125DB05D60053E1EE /* GitHubFollowers */ = {
			isa = PBXGroup;
			children = (
				B41D123625DD84EC00541D95 /* Utilities */,
				B41D123125DD7AAB00541D95 /* Managers */,
				B41D122925DD764600541D95 /* Model */,
				B41D122725DD714100541D95 /* Extensions */,
				B41D122625DD711400541D95 /* Custom Elements */,
				B41D122525DD70DC00541D95 /* ViewControllers */,
				B4EFF35225DB05D60053E1EE /* AppDelegate.swift */,
				B4EFF35425DB05D60053E1EE /* SceneDelegate.swift */,
				B4EFF35B25DB05D80053E1EE /* Assets.xcassets */,
				B4EFF35D25DB05D80053E1EE /* LaunchScreen.storyboard */,
				B4EFF36025DB05D80053E1EE /* Info.plist */,
			);
			path = GitHubFollowers;
			sourceTree = "<group>";
		};
		B4F2FC7725DEFE5D0038F7B7 /* Views */ = {
			isa = PBXGroup;
			children = (
				B4F2FC7D25DEFEE50038F7B7 /* GFEmptyStateView.swift */,
				B4F2FC9225DFDDD50038F7B7 /* GFItemInfoView.swift */,
			);
			path = Views;
			sourceTree = "<group>";
		};
		B4F2FC7825DEFE660038F7B7 /* Buttons */ = {
			isa = PBXGroup;
			children = (
				B4CF1A6D25DC3A7F00B1866E /* GFButton.swift */,
			);
			path = Buttons;
			sourceTree = "<group>";
		};
		B4F2FC7925DEFE6C0038F7B7 /* Text Fields */ = {
			isa = PBXGroup;
			children = (
				B4CF1A7025DC3DDE00B1866E /* GFTextField.swift */,
			);
			path = "Text Fields";
			sourceTree = "<group>";
		};
		B4F2FC7A25DEFE730038F7B7 /* ImageViews */ = {
			isa = PBXGroup;
			children = (
				B41D124025DD8B4B00541D95 /* GFAvatarImageView.swift */,
			);
			path = ImageViews;
			sourceTree = "<group>";
		};
		B4F2FC7B25DEFE7B0038F7B7 /* ViewControllers */ = {
			isa = PBXGroup;
			children = (
				B4F2FC9E25DFE8440038F7B7 /* ItemInfoVs */,
				B4CF1A7C25DC570200B1866E /* GFAlertVC.swift */,
				B4F2FC8825DFAE600038F7B7 /* GFUserInfoHeaderVC.swift */,
			);
			path = ViewControllers;
			sourceTree = "<group>";
		};
		B4F2FC7C25DEFEB50038F7B7 /* Labels */ = {
			isa = PBXGroup;
			children = (
				B4CF1A7925DC561D00B1866E /* GFBodyLabel.swift */,
				B4CF1A7625DC544D00B1866E /* GFTitleLabel.swift */,
				B4F2FC8B25DFAED60038F7B7 /* GFSecondaryTitleLabel.swift */,
			);
			path = Labels;
			sourceTree = "<group>";
		};
		B4F2FC9E25DFE8440038F7B7 /* ItemInfoVs */ = {
			isa = PBXGroup;
			children = (
				B4F2FC9525DFE2E50038F7B7 /* GFItemInfoVC.swift */,
				B4F2FC9825DFE5E50038F7B7 /* GFRepoItemVC.swift */,
				B4F2FC9B25DFE7F80038F7B7 /* GFFollowerItemVC.swift */,
			);
			path = ItemInfoVs;
			sourceTree = "<group>";
		};
/* End PBXGroup section */

/* Begin PBXNativeTarget section */
		B4EFF34E25DB05D60053E1EE /* GitHubFollowers */ = {
			isa = PBXNativeTarget;
			buildConfigurationList = B4EFF36325DB05D80053E1EE /* Build configuration list for PBXNativeTarget "GitHubFollowers" */;
			buildPhases = (
				B4EFF34B25DB05D60053E1EE /* Sources */,
				B4EFF34C25DB05D60053E1EE /* Frameworks */,
				B4EFF34D25DB05D60053E1EE /* Resources */,
			);
			buildRules = (
			);
			dependencies = (
			);
			name = GitHubFollowers;
			productName = GitHubFollowers;
			productReference = B4EFF34F25DB05D60053E1EE /* GitHubFollowers.app */;
			productType = "com.apple.product-type.application";
		};
/* End PBXNativeTarget section */

/* Begin PBXProject section */
		B4EFF34725DB05D60053E1EE /* Project object */ = {
			isa = PBXProject;
			attributes = {
				LastSwiftUpdateCheck = 1240;
				LastUpgradeCheck = 1240;
				TargetAttributes = {
					B4EFF34E25DB05D60053E1EE = {
						CreatedOnToolsVersion = 12.4;
					};
				};
			};
			buildConfigurationList = B4EFF34A25DB05D60053E1EE /* Build configuration list for PBXProject "GitHubFollowers" */;
			compatibilityVersion = "Xcode 9.3";
			developmentRegion = en;
			hasScannedForEncodings = 0;
			knownRegions = (
				en,
				Base,
			);
			mainGroup = B4EFF34625DB05D60053E1EE;
			productRefGroup = B4EFF35025DB05D60053E1EE /* Products */;
			projectDirPath = "";
			projectRoot = "";
			targets = (
				B4EFF34E25DB05D60053E1EE /* GitHubFollowers */,
			);
		};
/* End PBXProject section */

/* Begin PBXResourcesBuildPhase section */
		B4EFF34D25DB05D60053E1EE /* Resources */ = {
			isa = PBXResourcesBuildPhase;
			buildActionMask = 2147483647;
			files = (
				B4EFF35F25DB05D80053E1EE /* LaunchScreen.storyboard in Resources */,
				B4EFF35C25DB05D80053E1EE /* Assets.xcassets in Resources */,
			);
			runOnlyForDeploymentPostprocessing = 0;
		};
/* End PBXResourcesBuildPhase section */

/* Begin PBXSourcesBuildPhase section */
		B4EFF34B25DB05D60053E1EE /* Sources */ = {
			isa = PBXSourcesBuildPhase;
			buildActionMask = 2147483647;
			files = (
				B41D122F25DD772A00541D95 /* User.swift in Sources */,
				B4CF1A7125DC3DDE00B1866E /* GFTextField.swift in Sources */,
				B4CF1A6B25DB0C7500B1866E /* FavoritesListVC.swift in Sources */,
				B4CF1A6E25DC3A7F00B1866E /* GFButton.swift in Sources */,
				B4CF1A8025DC5E6600B1866E /* UIViewController+Ext.swift in Sources */,
				B4F2FC5325DEC6630038F7B7 /* UIHelper.swift in Sources */,
				B4F2FC9625DFE2E50038F7B7 /* GFItemInfoVC.swift in Sources */,
				B4F2FC8F25DFCA5F0038F7B7 /* Constants.swift in Sources */,
				B41D124125DD8B4B00541D95 /* GFAvatarImageView.swift in Sources */,
				B4CF1A6825DB0C1E00B1866E /* SearchVC.swift in Sources */,
				B4F2FC8525DFAD2B0038F7B7 /* GFError.swift in Sources */,
				B4F2FC9C25DFE7F80038F7B7 /* GFFollowerItemVC.swift in Sources */,
				B4F2FC9325DFDDD50038F7B7 /* GFItemInfoView.swift in Sources */,
				B4CF1A7D25DC570200B1866E /* GFAlertVC.swift in Sources */,
				B41D123D25DD8AAE00541D95 /* FollowerCell.swift in Sources */,
				B4F2FC8925DFAE600038F7B7 /* GFUserInfoHeaderVC.swift in Sources */,
				B4CF1A7A25DC561D00B1866E /* GFBodyLabel.swift in Sources */,
				B41D122B25DD766300541D95 /* Follower.swift in Sources */,
				B4CF1A7725DC544D00B1866E /* GFTitleLabel.swift in Sources */,
				B4F2FC8C25DFAED60038F7B7 /* GFSecondaryTitleLabel.swift in Sources */,
				B4F2FC7E25DEFEE50038F7B7 /* GFEmptyStateView.swift in Sources */,
				B41D123325DD7AC600541D95 /* NetworkManager.swift in Sources */,
				B4CF1A7425DC4E5B00B1866E /* FollowerListVC.swift in Sources */,
				B4EFF35325DB05D60053E1EE /* AppDelegate.swift in Sources */,
				B4EFF35525DB05D60053E1EE /* SceneDelegate.swift in Sources */,
				B4F2FC9925DFE5E50038F7B7 /* GFRepoItemVC.swift in Sources */,
				B4F2FC8225DFA3610038F7B7 /* UserInfoVC.swift in Sources */,
			);
			runOnlyForDeploymentPostprocessing = 0;
		};
/* End PBXSourcesBuildPhase section */

/* Begin PBXVariantGroup section */
		B4EFF35D25DB05D80053E1EE /* LaunchScreen.storyboard */ = {
			isa = PBXVariantGroup;
			children = (
				B4EFF35E25DB05D80053E1EE /* Base */,
			);
			name = LaunchScreen.storyboard;
			sourceTree = "<group>";
		};
/* End PBXVariantGroup section */

/* Begin XCBuildConfiguration section */
		B4EFF36125DB05D80053E1EE /* Debug */ = {
			isa = XCBuildConfiguration;
			buildSettings = {
				ALWAYS_SEARCH_USER_PATHS = NO;
				CLANG_ANALYZER_NONNULL = YES;
				CLANG_ANALYZER_NUMBER_OBJECT_CONVERSION = YES_AGGRESSIVE;
				CLANG_CXX_LANGUAGE_STANDARD = "gnu++14";
				CLANG_CXX_LIBRARY = "libc++";
				CLANG_ENABLE_MODULES = YES;
				CLANG_ENABLE_OBJC_ARC = YES;
				CLANG_ENABLE_OBJC_WEAK = YES;
				CLANG_WARN_BLOCK_CAPTURE_AUTORELEASING = YES;
				CLANG_WARN_BOOL_CONVERSION = YES;
				CLANG_WARN_COMMA = YES;
				CLANG_WARN_CONSTANT_CONVERSION = YES;
				CLANG_WARN_DEPRECATED_OBJC_IMPLEMENTATIONS = YES;
				CLANG_WARN_DIRECT_OBJC_ISA_USAGE = YES_ERROR;
				CLANG_WARN_DOCUMENTATION_COMMENTS = YES;
				CLANG_WARN_EMPTY_BODY = YES;
				CLANG_WARN_ENUM_CONVERSION = YES;
				CLANG_WARN_INFINITE_RECURSION = YES;
				CLANG_WARN_INT_CONVERSION = YES;
				CLANG_WARN_NON_LITERAL_NULL_CONVERSION = YES;
				CLANG_WARN_OBJC_IMPLICIT_RETAIN_SELF = YES;
				CLANG_WARN_OBJC_LITERAL_CONVERSION = YES;
				CLANG_WARN_OBJC_ROOT_CLASS = YES_ERROR;
				CLANG_WARN_QUOTED_INCLUDE_IN_FRAMEWORK_HEADER = YES;
				CLANG_WARN_RANGE_LOOP_ANALYSIS = YES;
				CLANG_WARN_STRICT_PROTOTYPES = YES;
				CLANG_WARN_SUSPICIOUS_MOVE = YES;
				CLANG_WARN_UNGUARDED_AVAILABILITY = YES_AGGRESSIVE;
				CLANG_WARN_UNREACHABLE_CODE = YES;
				CLANG_WARN__DUPLICATE_METHOD_MATCH = YES;
				COPY_PHASE_STRIP = NO;
				DEBUG_INFORMATION_FORMAT = dwarf;
				ENABLE_STRICT_OBJC_MSGSEND = YES;
				ENABLE_TESTABILITY = YES;
				GCC_C_LANGUAGE_STANDARD = gnu11;
				GCC_DYNAMIC_NO_PIC = NO;
				GCC_NO_COMMON_BLOCKS = YES;
				GCC_OPTIMIZATION_LEVEL = 0;
				GCC_PREPROCESSOR_DEFINITIONS = (
					"DEBUG=1",
					"$(inherited)",
				);
				GCC_WARN_64_TO_32_BIT_CONVERSION = YES;
				GCC_WARN_ABOUT_RETURN_TYPE = YES_ERROR;
				GCC_WARN_UNDECLARED_SELECTOR = YES;
				GCC_WARN_UNINITIALIZED_AUTOS = YES_AGGRESSIVE;
				GCC_WARN_UNUSED_FUNCTION = YES;
				GCC_WARN_UNUSED_VARIABLE = YES;
				IPHONEOS_DEPLOYMENT_TARGET = 14.4;
				MTL_ENABLE_DEBUG_INFO = INCLUDE_SOURCE;
				MTL_FAST_MATH = YES;
				ONLY_ACTIVE_ARCH = YES;
				SDKROOT = iphoneos;
				SWIFT_ACTIVE_COMPILATION_CONDITIONS = DEBUG;
				SWIFT_OPTIMIZATION_LEVEL = "-Onone";
			};
			name = Debug;
		};
		B4EFF36225DB05D80053E1EE /* Release */ = {
			isa = XCBuildConfiguration;
			buildSettings = {
				ALWAYS_SEARCH_USER_PATHS = NO;
				CLANG_ANALYZER_NONNULL = YES;
				CLANG_ANALYZER_NUMBER_OBJECT_CONVERSION = YES_AGGRESSIVE;
				CLANG_CXX_LANGUAGE_STANDARD = "gnu++14";
				CLANG_CXX_LIBRARY = "libc++";
				CLANG_ENABLE_MODULES = YES;
				CLANG_ENABLE_OBJC_ARC = YES;
				CLANG_ENABLE_OBJC_WEAK = YES;
				CLANG_WARN_BLOCK_CAPTURE_AUTORELEASING = YES;
				CLANG_WARN_BOOL_CONVERSION = YES;
				CLANG_WARN_COMMA = YES;
				CLANG_WARN_CONSTANT_CONVERSION = YES;
				CLANG_WARN_DEPRECATED_OBJC_IMPLEMENTATIONS = YES;
				CLANG_WARN_DIRECT_OBJC_ISA_USAGE = YES_ERROR;
				CLANG_WARN_DOCUMENTATION_COMMENTS = YES;
				CLANG_WARN_EMPTY_BODY = YES;
				CLANG_WARN_ENUM_CONVERSION = YES;
				CLANG_WARN_INFINITE_RECURSION = YES;
				CLANG_WARN_INT_CONVERSION = YES;
				CLANG_WARN_NON_LITERAL_NULL_CONVERSION = YES;
				CLANG_WARN_OBJC_IMPLICIT_RETAIN_SELF = YES;
				CLANG_WARN_OBJC_LITERAL_CONVERSION = YES;
				CLANG_WARN_OBJC_ROOT_CLASS = YES_ERROR;
				CLANG_WARN_QUOTED_INCLUDE_IN_FRAMEWORK_HEADER = YES;
				CLANG_WARN_RANGE_LOOP_ANALYSIS = YES;
				CLANG_WARN_STRICT_PROTOTYPES = YES;
				CLANG_WARN_SUSPICIOUS_MOVE = YES;
				CLANG_WARN_UNGUARDED_AVAILABILITY = YES_AGGRESSIVE;
				CLANG_WARN_UNREACHABLE_CODE = YES;
				CLANG_WARN__DUPLICATE_METHOD_MATCH = YES;
				COPY_PHASE_STRIP = NO;
				DEBUG_INFORMATION_FORMAT = "dwarf-with-dsym";
				ENABLE_NS_ASSERTIONS = NO;
				ENABLE_STRICT_OBJC_MSGSEND = YES;
				GCC_C_LANGUAGE_STANDARD = gnu11;
				GCC_NO_COMMON_BLOCKS = YES;
				GCC_WARN_64_TO_32_BIT_CONVERSION = YES;
				GCC_WARN_ABOUT_RETURN_TYPE = YES_ERROR;
				GCC_WARN_UNDECLARED_SELECTOR = YES;
				GCC_WARN_UNINITIALIZED_AUTOS = YES_AGGRESSIVE;
				GCC_WARN_UNUSED_FUNCTION = YES;
				GCC_WARN_UNUSED_VARIABLE = YES;
				IPHONEOS_DEPLOYMENT_TARGET = 14.4;
				MTL_ENABLE_DEBUG_INFO = NO;
				MTL_FAST_MATH = YES;
				SDKROOT = iphoneos;
				SWIFT_COMPILATION_MODE = wholemodule;
				SWIFT_OPTIMIZATION_LEVEL = "-O";
				VALIDATE_PRODUCT = YES;
			};
			name = Release;
		};
		B4EFF36425DB05D80053E1EE /* Debug */ = {
			isa = XCBuildConfiguration;
			buildSettings = {
				ASSETCATALOG_COMPILER_APPICON_NAME = AppIcon;
				ASSETCATALOG_COMPILER_GLOBAL_ACCENT_COLOR_NAME = AccentColor;
				CODE_SIGN_STYLE = Automatic;
				DEVELOPMENT_TEAM = N6TJX5R68D;
				INFOPLIST_FILE = GitHubFollowers/Info.plist;
				LD_RUNPATH_SEARCH_PATHS = (
					"$(inherited)",
					"@executable_path/Frameworks",
				);
				PRODUCT_BUNDLE_IDENTIFIER = com.antoniovidakovic.GitHubFollowers;
				PRODUCT_NAME = "$(TARGET_NAME)";
				SWIFT_VERSION = 5.0;
				TARGETED_DEVICE_FAMILY = 1;
			};
			name = Debug;
		};
		B4EFF36525DB05D80053E1EE /* Release */ = {
			isa = XCBuildConfiguration;
			buildSettings = {
				ASSETCATALOG_COMPILER_APPICON_NAME = AppIcon;
				ASSETCATALOG_COMPILER_GLOBAL_ACCENT_COLOR_NAME = AccentColor;
				CODE_SIGN_STYLE = Automatic;
				DEVELOPMENT_TEAM = N6TJX5R68D;
				INFOPLIST_FILE = GitHubFollowers/Info.plist;
				LD_RUNPATH_SEARCH_PATHS = (
					"$(inherited)",
					"@executable_path/Frameworks",
				);
				PRODUCT_BUNDLE_IDENTIFIER = com.antoniovidakovic.GitHubFollowers;
				PRODUCT_NAME = "$(TARGET_NAME)";
				SWIFT_VERSION = 5.0;
				TARGETED_DEVICE_FAMILY = 1;
			};
			name = Release;
		};
/* End XCBuildConfiguration section */

/* Begin XCConfigurationList section */
		B4EFF34A25DB05D60053E1EE /* Build configuration list for PBXProject "GitHubFollowers" */ = {
			isa = XCConfigurationList;
			buildConfigurations = (
				B4EFF36125DB05D80053E1EE /* Debug */,
				B4EFF36225DB05D80053E1EE /* Release */,
			);
			defaultConfigurationIsVisible = 0;
			defaultConfigurationName = Release;
		};
		B4EFF36325DB05D80053E1EE /* Build configuration list for PBXNativeTarget "GitHubFollowers" */ = {
			isa = XCConfigurationList;
			buildConfigurations = (
				B4EFF36425DB05D80053E1EE /* Debug */,
				B4EFF36525DB05D80053E1EE /* Release */,
			);
			defaultConfigurationIsVisible = 0;
			defaultConfigurationName = Release;
		};
/* End XCConfigurationList section */
	};
	rootObject = B4EFF34725DB05D60053E1EE /* Project object */;
}
